// !$*UTF8*$!
{
	archiveVersion = 1;
	classes = {
	};
	objectVersion = 55;
	objects = {

/* Begin PBXBuildFile section */
		438A5E2C2751F7BA0051E046 /* WeatherData.swift in Sources */ = {isa = PBXBuildFile; fileRef = 438A5E2B2751F7BA0051E046 /* WeatherData.swift */; };
		438A5E2E275209DE0051E046 /* CollectionViewCell.swift in Sources */ = {isa = PBXBuildFile; fileRef = 438A5E2D275209DE0051E046 /* CollectionViewCell.swift */; };
		438A5E30275209F00051E046 /* TableViewCell.swift in Sources */ = {isa = PBXBuildFile; fileRef = 438A5E2F275209F00051E046 /* TableViewCell.swift */; };
		438A5E32275211590051E046 /* RequestData.swift in Sources */ = {isa = PBXBuildFile; fileRef = 438A5E31275211590051E046 /* RequestData.swift */; };
		439594BD274ABAEC00E5FB8B /* AppDelegate.swift in Sources */ = {isa = PBXBuildFile; fileRef = 439594BC274ABAEC00E5FB8B /* AppDelegate.swift */; };
		439594BF274ABAEC00E5FB8B /* SceneDelegate.swift in Sources */ = {isa = PBXBuildFile; fileRef = 439594BE274ABAEC00E5FB8B /* SceneDelegate.swift */; };
		439594C1274ABAEC00E5FB8B /* WeatherViewController.swift in Sources */ = {isa = PBXBuildFile; fileRef = 439594C0274ABAEC00E5FB8B /* WeatherViewController.swift */; };
		439594C4274ABAEC00E5FB8B /* Main.storyboard in Resources */ = {isa = PBXBuildFile; fileRef = 439594C2274ABAEC00E5FB8B /* Main.storyboard */; };
		439594C6274ABAED00E5FB8B /* Assets.xcassets in Resources */ = {isa = PBXBuildFile; fileRef = 439594C5274ABAED00E5FB8B /* Assets.xcassets */; };
		439594C9274ABAED00E5FB8B /* LaunchScreen.storyboard in Resources */ = {isa = PBXBuildFile; fileRef = 439594C7274ABAED00E5FB8B /* LaunchScreen.storyboard */; };
		43F73FC2274EC2F0001D29D1 /* WeatherPresenter.swift in Sources */ = {isa = PBXBuildFile; fileRef = 43F73FC1274EC2F0001D29D1 /* WeatherPresenter.swift */; };
		43F73FC4274EC2FE001D29D1 /* WeatherInteractor.swift in Sources */ = {isa = PBXBuildFile; fileRef = 43F73FC3274EC2FE001D29D1 /* WeatherInteractor.swift */; };
		43F73FC6274EC31C001D29D1 /* WeatherConfigurator.swift in Sources */ = {isa = PBXBuildFile; fileRef = 43F73FC5274EC31C001D29D1 /* WeatherConfigurator.swift */; };
		43F73FCA274FF880001D29D1 /* RequestManager.swift in Sources */ = {isa = PBXBuildFile; fileRef = 43F73FC9274FF880001D29D1 /* RequestManager.swift */; };
		43F73FCC274FF892001D29D1 /* DataManager.swift in Sources */ = {isa = PBXBuildFile; fileRef = 43F73FCB274FF892001D29D1 /* DataManager.swift */; };
/* End PBXBuildFile section */

/* Begin PBXFileReference section */
		438A5E2B2751F7BA0051E046 /* WeatherData.swift */ = {isa = PBXFileReference; lastKnownFileType = sourcecode.swift; path = WeatherData.swift; sourceTree = "<group>"; };
		438A5E2D275209DE0051E046 /* CollectionViewCell.swift */ = {isa = PBXFileReference; lastKnownFileType = sourcecode.swift; path = CollectionViewCell.swift; sourceTree = "<group>"; };
		438A5E2F275209F00051E046 /* TableViewCell.swift */ = {isa = PBXFileReference; lastKnownFileType = sourcecode.swift; path = TableViewCell.swift; sourceTree = "<group>"; };
		438A5E31275211590051E046 /* RequestData.swift */ = {isa = PBXFileReference; lastKnownFileType = sourcecode.swift; path = RequestData.swift; sourceTree = "<group>"; };
		439594B9274ABAEC00E5FB8B /* WeatherApp.app */ = {isa = PBXFileReference; explicitFileType = wrapper.application; includeInIndex = 0; path = WeatherApp.app; sourceTree = BUILT_PRODUCTS_DIR; };
		439594BC274ABAEC00E5FB8B /* AppDelegate.swift */ = {isa = PBXFileReference; lastKnownFileType = sourcecode.swift; path = AppDelegate.swift; sourceTree = "<group>"; };
		439594BE274ABAEC00E5FB8B /* SceneDelegate.swift */ = {isa = PBXFileReference; lastKnownFileType = sourcecode.swift; path = SceneDelegate.swift; sourceTree = "<group>"; };
		439594C0274ABAEC00E5FB8B /* WeatherViewController.swift */ = {isa = PBXFileReference; lastKnownFileType = sourcecode.swift; path = WeatherViewController.swift; sourceTree = "<group>"; };
		439594C3274ABAEC00E5FB8B /* Base */ = {isa = PBXFileReference; lastKnownFileType = file.storyboard; name = Base; path = Base.lproj/Main.storyboard; sourceTree = "<group>"; };
		439594C5274ABAED00E5FB8B /* Assets.xcassets */ = {isa = PBXFileReference; lastKnownFileType = folder.assetcatalog; path = Assets.xcassets; sourceTree = "<group>"; };
		439594C8274ABAED00E5FB8B /* Base */ = {isa = PBXFileReference; lastKnownFileType = file.storyboard; name = Base; path = Base.lproj/LaunchScreen.storyboard; sourceTree = "<group>"; };
		439594CA274ABAED00E5FB8B /* Info.plist */ = {isa = PBXFileReference; lastKnownFileType = text.plist.xml; path = Info.plist; sourceTree = "<group>"; };
		43F73FC1274EC2F0001D29D1 /* WeatherPresenter.swift */ = {isa = PBXFileReference; lastKnownFileType = sourcecode.swift; path = WeatherPresenter.swift; sourceTree = "<group>"; };
		43F73FC3274EC2FE001D29D1 /* WeatherInteractor.swift */ = {isa = PBXFileReference; lastKnownFileType = sourcecode.swift; path = WeatherInteractor.swift; sourceTree = "<group>"; };
		43F73FC5274EC31C001D29D1 /* WeatherConfigurator.swift */ = {isa = PBXFileReference; lastKnownFileType = sourcecode.swift; path = WeatherConfigurator.swift; sourceTree = "<group>"; };
		43F73FC9274FF880001D29D1 /* RequestManager.swift */ = {isa = PBXFileReference; lastKnownFileType = sourcecode.swift; path = RequestManager.swift; sourceTree = "<group>"; };
		43F73FCB274FF892001D29D1 /* DataManager.swift */ = {isa = PBXFileReference; lastKnownFileType = sourcecode.swift; path = DataManager.swift; sourceTree = "<group>"; };
/* End PBXFileReference section */

/* Begin PBXFrameworksBuildPhase section */
		439594B6274ABAEC00E5FB8B /* Frameworks */ = {
			isa = PBXFrameworksBuildPhase;
			buildActionMask = 2147483647;
			files = (
			);
			runOnlyForDeploymentPostprocessing = 0;
		};
/* End PBXFrameworksBuildPhase section */

/* Begin PBXGroup section */
		439594B0274ABAEC00E5FB8B = {
			isa = PBXGroup;
			children = (
				439594BB274ABAEC00E5FB8B /* WeatherApp */,
				439594BA274ABAEC00E5FB8B /* Products */,
			);
			sourceTree = "<group>";
		};
		439594BA274ABAEC00E5FB8B /* Products */ = {
			isa = PBXGroup;
			children = (
				439594B9274ABAEC00E5FB8B /* WeatherApp.app */,
			);
			name = Products;
			sourceTree = "<group>";
		};
		439594BB274ABAEC00E5FB8B /* WeatherApp */ = {
			isa = PBXGroup;
			children = (
				43F73FBE274EC033001D29D1 /* StoryBoards */,
				43F73FBC274EBFE3001D29D1 /* WeatherViewGroup */,
				43F73FBB274EBFCF001D29D1 /* Models */,
				43F73FBA274EBFC6001D29D1 /* Managers */,
				43F73FC0274EC079001D29D1 /* Resource */,
				43F73FBF274EC059001D29D1 /* SupportFiles */,
			);
			path = WeatherApp;
			sourceTree = "<group>";
		};
		43F73FBA274EBFC6001D29D1 /* Managers */ = {
			isa = PBXGroup;
			children = (
				43F73FC9274FF880001D29D1 /* RequestManager.swift */,
				43F73FCB274FF892001D29D1 /* DataManager.swift */,
			);
			path = Managers;
			sourceTree = "<group>";
		};
		43F73FBB274EBFCF001D29D1 /* Models */ = {
			isa = PBXGroup;
			children = (
				438A5E2B2751F7BA0051E046 /* WeatherData.swift */,
				438A5E31275211590051E046 /* RequestData.swift */,
			);
			path = Models;
			sourceTree = "<group>";
		};
		43F73FBC274EBFE3001D29D1 /* WeatherViewGroup */ = {
			isa = PBXGroup;
			children = (
				439594C0274ABAEC00E5FB8B /* WeatherViewController.swift */,
				43F73FC1274EC2F0001D29D1 /* WeatherPresenter.swift */,
				43F73FC3274EC2FE001D29D1 /* WeatherInteractor.swift */,
				43F73FC5274EC31C001D29D1 /* WeatherConfigurator.swift */,
				43F73FC7274EC328001D29D1 /* WeatherCollectionView */,
				43F73FC8274EC365001D29D1 /* WeatherTableView */,
			);
			path = WeatherViewGroup;
			sourceTree = "<group>";
		};
		43F73FBE274EC033001D29D1 /* StoryBoards */ = {
			isa = PBXGroup;
			children = (
				439594C2274ABAEC00E5FB8B /* Main.storyboard */,
				439594C7274ABAED00E5FB8B /* LaunchScreen.storyboard */,
			);
			path = StoryBoards;
			sourceTree = "<group>";
		};
		43F73FBF274EC059001D29D1 /* SupportFiles */ = {
			isa = PBXGroup;
			children = (
				439594BE274ABAEC00E5FB8B /* SceneDelegate.swift */,
				439594BC274ABAEC00E5FB8B /* AppDelegate.swift */,
				439594CA274ABAED00E5FB8B /* Info.plist */,
			);
			path = SupportFiles;
			sourceTree = "<group>";
		};
		43F73FC0274EC079001D29D1 /* Resource */ = {
			isa = PBXGroup;
			children = (
				439594C5274ABAED00E5FB8B /* Assets.xcassets */,
			);
			path = Resource;
			sourceTree = "<group>";
		};
		43F73FC7274EC328001D29D1 /* WeatherCollectionView */ = {
			isa = PBXGroup;
			children = (
				438A5E2D275209DE0051E046 /* CollectionViewCell.swift */,
			);
			path = WeatherCollectionView;
			sourceTree = "<group>";
		};
		43F73FC8274EC365001D29D1 /* WeatherTableView */ = {
			isa = PBXGroup;
			children = (
				438A5E2F275209F00051E046 /* TableViewCell.swift */,
			);
			path = WeatherTableView;
			sourceTree = "<group>";
		};
/* End PBXGroup section */

/* Begin PBXNativeTarget section */
		439594B8274ABAEC00E5FB8B /* WeatherApp */ = {
			isa = PBXNativeTarget;
			buildConfigurationList = 439594CD274ABAED00E5FB8B /* Build configuration list for PBXNativeTarget "WeatherApp" */;
			buildPhases = (
				439594B5274ABAEC00E5FB8B /* Sources */,
				439594B6274ABAEC00E5FB8B /* Frameworks */,
				439594B7274ABAEC00E5FB8B /* Resources */,
			);
			buildRules = (
			);
			dependencies = (
			);
			name = WeatherApp;
			productName = WeatherApp;
			productReference = 439594B9274ABAEC00E5FB8B /* WeatherApp.app */;
			productType = "com.apple.product-type.application";
		};
/* End PBXNativeTarget section */

/* Begin PBXProject section */
		439594B1274ABAEC00E5FB8B /* Project object */ = {
			isa = PBXProject;
			attributes = {
				BuildIndependentTargetsInParallel = 1;
				LastSwiftUpdateCheck = 1310;
				LastUpgradeCheck = 1310;
				TargetAttributes = {
					439594B8274ABAEC00E5FB8B = {
						CreatedOnToolsVersion = 13.1;
					};
				};
			};
			buildConfigurationList = 439594B4274ABAEC00E5FB8B /* Build configuration list for PBXProject "WeatherApp" */;
			compatibilityVersion = "Xcode 13.0";
			developmentRegion = en;
			hasScannedForEncodings = 0;
			knownRegions = (
				en,
				Base,
			);
			mainGroup = 439594B0274ABAEC00E5FB8B;
			productRefGroup = 439594BA274ABAEC00E5FB8B /* Products */;
			projectDirPath = "";
			projectRoot = "";
			targets = (
				439594B8274ABAEC00E5FB8B /* WeatherApp */,
			);
		};
/* End PBXProject section */

/* Begin PBXResourcesBuildPhase section */
		439594B7274ABAEC00E5FB8B /* Resources */ = {
			isa = PBXResourcesBuildPhase;
			buildActionMask = 2147483647;
			files = (
				439594C9274ABAED00E5FB8B /* LaunchScreen.storyboard in Resources */,
				439594C6274ABAED00E5FB8B /* Assets.xcassets in Resources */,
				439594C4274ABAEC00E5FB8B /* Main.storyboard in Resources */,
			);
			runOnlyForDeploymentPostprocessing = 0;
		};
/* End PBXResourcesBuildPhase section */

/* Begin PBXSourcesBuildPhase section */
		439594B5274ABAEC00E5FB8B /* Sources */ = {
			isa = PBXSourcesBuildPhase;
			buildActionMask = 2147483647;
			files = (
				438A5E2E275209DE0051E046 /* CollectionViewCell.swift in Sources */,
				439594C1274ABAEC00E5FB8B /* WeatherViewController.swift in Sources */,
				43F73FCC274FF892001D29D1 /* DataManager.swift in Sources */,
				438A5E32275211590051E046 /* RequestData.swift in Sources */,
				43F73FC2274EC2F0001D29D1 /* WeatherPresenter.swift in Sources */,
				43F73FC4274EC2FE001D29D1 /* WeatherInteractor.swift in Sources */,
				43F73FC6274EC31C001D29D1 /* WeatherConfigurator.swift in Sources */,
				438A5E30275209F00051E046 /* TableViewCell.swift in Sources */,
				43F73FCA274FF880001D29D1 /* RequestManager.swift in Sources */,
				438A5E2C2751F7BA0051E046 /* WeatherData.swift in Sources */,
				439594BD274ABAEC00E5FB8B /* AppDelegate.swift in Sources */,
				439594BF274ABAEC00E5FB8B /* SceneDelegate.swift in Sources */,
			);
			runOnlyForDeploymentPostprocessing = 0;
		};
/* End PBXSourcesBuildPhase section */

/* Begin PBXVariantGroup section */
		439594C2274ABAEC00E5FB8B /* Main.storyboard */ = {
			isa = PBXVariantGroup;
			children = (
				439594C3274ABAEC00E5FB8B /* Base */,
			);
			name = Main.storyboard;
			sourceTree = "<group>";
		};
		439594C7274ABAED00E5FB8B /* LaunchScreen.storyboard */ = {
			isa = PBXVariantGroup;
			children = (
				439594C8274ABAED00E5FB8B /* Base */,
			);
			name = LaunchScreen.storyboard;
			sourceTree = "<group>";
		};
/* End PBXVariantGroup section */

/* Begin XCBuildConfiguration section */
		439594CB274ABAED00E5FB8B /* Debug */ = {
			isa = XCBuildConfiguration;
			buildSettings = {
				ALWAYS_SEARCH_USER_PATHS = NO;
				CLANG_ANALYZER_NONNULL = YES;
				CLANG_ANALYZER_NUMBER_OBJECT_CONVERSION = YES_AGGRESSIVE;
				CLANG_CXX_LANGUAGE_STANDARD = "gnu++17";
				CLANG_CXX_LIBRARY = "libc++";
				CLANG_ENABLE_MODULES = YES;
				CLANG_ENABLE_OBJC_ARC = YES;
				CLANG_ENABLE_OBJC_WEAK = YES;
				CLANG_WARN_BLOCK_CAPTURE_AUTORELEASING = YES;
				CLANG_WARN_BOOL_CONVERSION = YES;
				CLANG_WARN_COMMA = YES;
				CLANG_WARN_CONSTANT_CONVERSION = YES;
				CLANG_WARN_DEPRECATED_OBJC_IMPLEMENTATIONS = YES;
				CLANG_WARN_DIRECT_OBJC_ISA_USAGE = YES_ERROR;
				CLANG_WARN_DOCUMENTATION_COMMENTS = YES;
				CLANG_WARN_EMPTY_BODY = YES;
				CLANG_WARN_ENUM_CONVERSION = YES;
				CLANG_WARN_INFINITE_RECURSION = YES;
				CLANG_WARN_INT_CONVERSION = YES;
				CLANG_WARN_NON_LITERAL_NULL_CONVERSION = YES;
				CLANG_WARN_OBJC_IMPLICIT_RETAIN_SELF = YES;
				CLANG_WARN_OBJC_LITERAL_CONVERSION = YES;
				CLANG_WARN_OBJC_ROOT_CLASS = YES_ERROR;
				CLANG_WARN_QUOTED_INCLUDE_IN_FRAMEWORK_HEADER = YES;
				CLANG_WARN_RANGE_LOOP_ANALYSIS = YES;
				CLANG_WARN_STRICT_PROTOTYPES = YES;
				CLANG_WARN_SUSPICIOUS_MOVE = YES;
				CLANG_WARN_UNGUARDED_AVAILABILITY = YES_AGGRESSIVE;
				CLANG_WARN_UNREACHABLE_CODE = YES;
				CLANG_WARN__DUPLICATE_METHOD_MATCH = YES;
				COPY_PHASE_STRIP = NO;
				DEBUG_INFORMATION_FORMAT = dwarf;
				ENABLE_STRICT_OBJC_MSGSEND = YES;
				ENABLE_TESTABILITY = YES;
				GCC_C_LANGUAGE_STANDARD = gnu11;
				GCC_DYNAMIC_NO_PIC = NO;
				GCC_NO_COMMON_BLOCKS = YES;
				GCC_OPTIMIZATION_LEVEL = 0;
				GCC_PREPROCESSOR_DEFINITIONS = (
					"DEBUG=1",
					"$(inherited)",
				);
				GCC_WARN_64_TO_32_BIT_CONVERSION = YES;
				GCC_WARN_ABOUT_RETURN_TYPE = YES_ERROR;
				GCC_WARN_UNDECLARED_SELECTOR = YES;
				GCC_WARN_UNINITIALIZED_AUTOS = YES_AGGRESSIVE;
				GCC_WARN_UNUSED_FUNCTION = YES;
				GCC_WARN_UNUSED_VARIABLE = YES;
				IPHONEOS_DEPLOYMENT_TARGET = 15.0;
				MTL_ENABLE_DEBUG_INFO = INCLUDE_SOURCE;
				MTL_FAST_MATH = YES;
				ONLY_ACTIVE_ARCH = YES;
				SDKROOT = iphoneos;
				SWIFT_ACTIVE_COMPILATION_CONDITIONS = DEBUG;
				SWIFT_OPTIMIZATION_LEVEL = "-Onone";
			};
			name = Debug;
		};
		439594CC274ABAED00E5FB8B /* Release */ = {
			isa = XCBuildConfiguration;
			buildSettings = {
				ALWAYS_SEARCH_USER_PATHS = NO;
				CLANG_ANALYZER_NONNULL = YES;
				CLANG_ANALYZER_NUMBER_OBJECT_CONVERSION = YES_AGGRESSIVE;
				CLANG_CXX_LANGUAGE_STANDARD = "gnu++17";
				CLANG_CXX_LIBRARY = "libc++";
				CLANG_ENABLE_MODULES = YES;
				CLANG_ENABLE_OBJC_ARC = YES;
				CLANG_ENABLE_OBJC_WEAK = YES;
				CLANG_WARN_BLOCK_CAPTURE_AUTORELEASING = YES;
				CLANG_WARN_BOOL_CONVERSION = YES;
				CLANG_WARN_COMMA = YES;
				CLANG_WARN_CONSTANT_CONVERSION = YES;
				CLANG_WARN_DEPRECATED_OBJC_IMPLEMENTATIONS = YES;
				CLANG_WARN_DIRECT_OBJC_ISA_USAGE = YES_ERROR;
				CLANG_WARN_DOCUMENTATION_COMMENTS = YES;
				CLANG_WARN_EMPTY_BODY = YES;
				CLANG_WARN_ENUM_CONVERSION = YES;
				CLANG_WARN_INFINITE_RECURSION = YES;
				CLANG_WARN_INT_CONVERSION = YES;
				CLANG_WARN_NON_LITERAL_NULL_CONVERSION = YES;
				CLANG_WARN_OBJC_IMPLICIT_RETAIN_SELF = YES;
				CLANG_WARN_OBJC_LITERAL_CONVERSION = YES;
				CLANG_WARN_OBJC_ROOT_CLASS = YES_ERROR;
				CLANG_WARN_QUOTED_INCLUDE_IN_FRAMEWORK_HEADER = YES;
				CLANG_WARN_RANGE_LOOP_ANALYSIS = YES;
				CLANG_WARN_STRICT_PROTOTYPES = YES;
				CLANG_WARN_SUSPICIOUS_MOVE = YES;
				CLANG_WARN_UNGUARDED_AVAILABILITY = YES_AGGRESSIVE;
				CLANG_WARN_UNREACHABLE_CODE = YES;
				CLANG_WARN__DUPLICATE_METHOD_MATCH = YES;
				COPY_PHASE_STRIP = NO;
				DEBUG_INFORMATION_FORMAT = "dwarf-with-dsym";
				ENABLE_NS_ASSERTIONS = NO;
				ENABLE_STRICT_OBJC_MSGSEND = YES;
				GCC_C_LANGUAGE_STANDARD = gnu11;
				GCC_NO_COMMON_BLOCKS = YES;
				GCC_WARN_64_TO_32_BIT_CONVERSION = YES;
				GCC_WARN_ABOUT_RETURN_TYPE = YES_ERROR;
				GCC_WARN_UNDECLARED_SELECTOR = YES;
				GCC_WARN_UNINITIALIZED_AUTOS = YES_AGGRESSIVE;
				GCC_WARN_UNUSED_FUNCTION = YES;
				GCC_WARN_UNUSED_VARIABLE = YES;
				IPHONEOS_DEPLOYMENT_TARGET = 15.0;
				MTL_ENABLE_DEBUG_INFO = NO;
				MTL_FAST_MATH = YES;
				SDKROOT = iphoneos;
				SWIFT_COMPILATION_MODE = wholemodule;
				SWIFT_OPTIMIZATION_LEVEL = "-O";
				VALIDATE_PRODUCT = YES;
			};
			name = Release;
		};
		439594CE274ABAED00E5FB8B /* Debug */ = {
			isa = XCBuildConfiguration;
			buildSettings = {
				ASSETCATALOG_COMPILER_APPICON_NAME = AppIcon;
				ASSETCATALOG_COMPILER_GLOBAL_ACCENT_COLOR_NAME = AccentColor;
				CODE_SIGN_STYLE = Automatic;
				CURRENT_PROJECT_VERSION = 1;
				DEVELOPMENT_TEAM = 8C42ZNV225;
				GENERATE_INFOPLIST_FILE = YES;
				INFOPLIST_FILE = WeatherApp/SupportFiles/Info.plist;
				INFOPLIST_KEY_UIApplicationSupportsIndirectInputEvents = YES;
				INFOPLIST_KEY_UILaunchStoryboardName = LaunchScreen;
				INFOPLIST_KEY_UIMainStoryboardFile = Main;
				INFOPLIST_KEY_UISupportedInterfaceOrientations_iPad = "UIInterfaceOrientationPortrait UIInterfaceOrientationPortraitUpsideDown UIInterfaceOrientationLandscapeLeft UIInterfaceOrientationLandscapeRight";
				INFOPLIST_KEY_UISupportedInterfaceOrientations_iPhone = "UIInterfaceOrientationPortrait UIInterfaceOrientationLandscapeLeft UIInterfaceOrientationLandscapeRight";
				LD_RUNPATH_SEARCH_PATHS = (
					"$(inherited)",
					"@executable_path/Frameworks",
				);
				MARKETING_VERSION = 1.0;
				PRODUCT_BUNDLE_IDENTIFIER = WeatherApp.WeatherApp;
				PRODUCT_NAME = "$(TARGET_NAME)";
				SWIFT_EMIT_LOC_STRINGS = YES;
				SWIFT_VERSION = 5.0;
				TARGETED_DEVICE_FAMILY = "1,2";
			};
			name = Debug;
		};
		439594CF274ABAED00E5FB8B /* Release */ = {
			isa = XCBuildConfiguration;
			buildSettings = {
				ASSETCATALOG_COMPILER_APPICON_NAME = AppIcon;
				ASSETCATALOG_COMPILER_GLOBAL_ACCENT_COLOR_NAME = AccentColor;
				CODE_SIGN_STYLE = Automatic;
				CURRENT_PROJECT_VERSION = 1;
				DEVELOPMENT_TEAM = 8C42ZNV225;
				GENERATE_INFOPLIST_FILE = YES;
				INFOPLIST_FILE = WeatherApp/SupportFiles/Info.plist;
				INFOPLIST_KEY_UIApplicationSupportsIndirectInputEvents = YES;
				INFOPLIST_KEY_UILaunchStoryboardName = LaunchScreen;
				INFOPLIST_KEY_UIMainStoryboardFile = Main;
				INFOPLIST_KEY_UISupportedInterfaceOrientations_iPad = "UIInterfaceOrientationPortrait UIInterfaceOrientationPortraitUpsideDown UIInterfaceOrientationLandscapeLeft UIInterfaceOrientationLandscapeRight";
				INFOPLIST_KEY_UISupportedInterfaceOrientations_iPhone = "UIInterfaceOrientationPortrait UIInterfaceOrientationLandscapeLeft UIInterfaceOrientationLandscapeRight";
				LD_RUNPATH_SEARCH_PATHS = (
					"$(inherited)",
					"@executable_path/Frameworks",
				);
				MARKETING_VERSION = 1.0;
				PRODUCT_BUNDLE_IDENTIFIER = WeatherApp.WeatherApp;
				PRODUCT_NAME = "$(TARGET_NAME)";
				SWIFT_EMIT_LOC_STRINGS = YES;
				SWIFT_VERSION = 5.0;
				TARGETED_DEVICE_FAMILY = "1,2";
			};
			name = Release;
		};
/* End XCBuildConfiguration section */

/* Begin XCConfigurationList section */
		439594B4274ABAEC00E5FB8B /* Build configuration list for PBXProject "WeatherApp" */ = {
			isa = XCConfigurationList;
			buildConfigurations = (
				439594CB274ABAED00E5FB8B /* Debug */,
				439594CC274ABAED00E5FB8B /* Release */,
			);
			defaultConfigurationIsVisible = 0;
			defaultConfigurationName = Release;
		};
		439594CD274ABAED00E5FB8B /* Build configuration list for PBXNativeTarget "WeatherApp" */ = {
			isa = XCConfigurationList;
			buildConfigurations = (
				439594CE274ABAED00E5FB8B /* Debug */,
				439594CF274ABAED00E5FB8B /* Release */,
			);
			defaultConfigurationIsVisible = 0;
			defaultConfigurationName = Release;
		};
/* End XCConfigurationList section */
	};
	rootObject = 439594B1274ABAEC00E5FB8B /* Project object */;
}
